
Microsoft Visual Studio Solution File, Format Version 12.00
# Visual Studio Version 16
VisualStudioVersion = 16.0.30114.105
MinimumVisualStudioVersion = 10.0.40219.1
Project("{FAE04EC0-301F-11D3-BF4B-00C04F79EFBC}") = "MyApp", "src\MyApp.csproj", "{EAC23755-511E-455D-8507-180A2D07F5AF}"
EndProject
Project("{FAE04EC0-301F-11D3-BF4B-00C04F79EFBC}") = "MyApp.Tests", "tests\MyApp.Tests.csproj", "{0C75BCEB-EE48-4958-B0A6-DB3D05F182D1}"
EndProject
Global
	GlobalSection(SolutionConfigurationPlatforms) = preSolution
		Debug|Any CPU = Debug|Any CPU
		Release|Any CPU = Release|Any CPU
	EndGlobalSection
	GlobalSection(SolutionProperties) = preSolution
		HideSolutionNode = FALSE
	EndGlobalSection
	GlobalSection(ProjectConfigurationPlatforms) = postSolution
		{EAC23755-511E-455D-8507-180A2D07F5AF}.Debug|Any CPU.ActiveCfg = Debug|Any CPU
		{EAC23755-511E-455D-8507-180A2D07F5AF}.Debug|Any CPU.Build.0 = Debug|Any CPU
		{EAC23755-511E-455D-8507-180A2D07F5AF}.Release|Any CPU.ActiveCfg = Release|Any CPU
		{EAC23755-511E-455D-8507-180A2D07F5AF}.Release|Any CPU.Build.0 = Release|Any CPU
		{0C75BCEB-EE48-4958-B0A6-DB3D05F182D1}.Debug|Any CPU.ActiveCfg = Debug|Any CPU
		{0C75BCEB-EE48-4958-B0A6-DB3D05F182D1}.Debug|Any CPU.Build.0 = Debug|Any CPU
		{0C75BCEB-EE48-4958-B0A6-DB3D05F182D1}.Release|Any CPU.ActiveCfg = Release|Any CPU
		{0C75BCEB-EE48-4958-B0A6-DB3D05F182D1}.Release|Any CPU.Build.0 = Release|Any CPU
	EndGlobalSection
EndGlobal
